
Microsoft Visual Studio Solution File, Format Version 12.00
# Visual Studio Version 16
VisualStudioVersion = 16.0.29613.14
MinimumVisualStudioVersion = 10.0.40219.1
Project("{8BC9CEB8-8B4A-11D0-8D11-00A0C91BC942}") = "hello-window", "01_hello_window\hello-window.vcxproj", "{F9BBB096-682D-41E0-801C-EB012242AD9F}"
EndProject
Project("{8BC9CEB8-8B4A-11D0-8D11-00A0C91BC942}") = "setup", "00_setup\setup.vcxproj", "{B43CAB0C-6A18-4254-887A-BA9388800BA3}"
EndProject
Global
	GlobalSection(SolutionConfigurationPlatforms) = preSolution
		Debug|x64 = Debug|x64
		Debug|x86 = Debug|x86
		Release|x64 = Release|x64
		Release|x86 = Release|x86
	EndGlobalSection
	GlobalSection(ProjectConfigurationPlatforms) = postSolution
		{F9BBB096-682D-41E0-801C-EB012242AD9F}.Debug|x64.ActiveCfg = Debug|x64
		{F9BBB096-682D-41E0-801C-EB012242AD9F}.Debug|x64.Build.0 = Debug|x64
		{F9BBB096-682D-41E0-801C-EB012242AD9F}.Debug|x86.ActiveCfg = Debug|Win32
		{F9BBB096-682D-41E0-801C-EB012242AD9F}.Debug|x86.Build.0 = Debug|Win32
		{F9BBB096-682D-41E0-801C-EB012242AD9F}.Release|x64.ActiveCfg = Release|x64
		{F9BBB096-682D-41E0-801C-EB012242AD9F}.Release|x64.Build.0 = Release|x64
		{F9BBB096-682D-41E0-801C-EB012242AD9F}.Release|x86.ActiveCfg = Release|Win32
		{F9BBB096-682D-41E0-801C-EB012242AD9F}.Release|x86.Build.0 = Release|Win32
		{B43CAB0C-6A18-4254-887A-BA9388800BA3}.Debug|x64.ActiveCfg = Debug|x64
		{B43CAB0C-6A18-4254-887A-BA9388800BA3}.Debug|x64.Build.0 = Debug|x64
		{B43CAB0C-6A18-4254-887A-BA9388800BA3}.Debug|x86.ActiveCfg = Debug|Win32
		{B43CAB0C-6A18-4254-887A-BA9388800BA3}.Debug|x86.Build.0 = Debug|Win32
		{B43CAB0C-6A18-4254-887A-BA9388800BA3}.Release|x64.ActiveCfg = Release|x64
		{B43CAB0C-6A18-4254-887A-BA9388800BA3}.Release|x64.Build.0 = Release|x64
		{B43CAB0C-6A18-4254-887A-BA9388800BA3}.Release|x86.ActiveCfg = Release|Win32
		{B43CAB0C-6A18-4254-887A-BA9388800BA3}.Release|x86.Build.0 = Release|Win32
	EndGlobalSection
	GlobalSection(SolutionProperties) = preSolution
		HideSolutionNode = FALSE
	EndGlobalSection
	GlobalSection(ExtensibilityGlobals) = postSolution
		SolutionGuid = {9E0A12C7-6581-4C18-9D6A-BB914D8CDBD0}
	EndGlobalSection
EndGlobal
